
Microsoft Visual Studio Solution File, Format Version 12.00
# Visual Studio Version 17
VisualStudioVersion = 17.5.33627.172
MinimumVisualStudioVersion = 10.0.40219.1
Project("{FAE04EC0-301F-11D3-BF4B-00C04F79EFBC}") = "Toltek.Containered.Api", "Toltek.Containered.Api\Toltek.Containered.Api.csproj", "{0ABC61EA-EC6E-40EE-BF2F-19ECA4AC1A4A}"
EndProject
Global
	GlobalSection(SolutionConfigurationPlatforms) = preSolution
		Debug|Any CPU = Debug|Any CPU
		Release|Any CPU = Release|Any CPU
	EndGlobalSection
	GlobalSection(ProjectConfigurationPlatforms) = postSolution
		{0ABC61EA-EC6E-40EE-BF2F-19ECA4AC1A4A}.Debug|Any CPU.ActiveCfg = Debug|Any CPU
		{0ABC61EA-EC6E-40EE-BF2F-19ECA4AC1A4A}.Debug|Any CPU.Build.0 = Debug|Any CPU
		{0ABC61EA-EC6E-40EE-BF2F-19ECA4AC1A4A}.Release|Any CPU.ActiveCfg = Release|Any CPU
		{0ABC61EA-EC6E-40EE-BF2F-19ECA4AC1A4A}.Release|Any CPU.Build.0 = Release|Any CPU
	EndGlobalSection
	GlobalSection(SolutionProperties) = preSolution
		HideSolutionNode = FALSE
	EndGlobalSection
	GlobalSection(ExtensibilityGlobals) = postSolution
		SolutionGuid = {E55F9069-D901-4E35-8C8A-1E7A2DB531EB}
	EndGlobalSection
EndGlobal
